
Microsoft Visual Studio Solution File, Format Version 12.00
# Visual Studio Version 16
VisualStudioVersion = 16.0.33529.622
MinimumVisualStudioVersion = 10.0.40219.1
Project("{FAE04EC0-301F-11D3-BF4B-00C04F79EFBC}") = "XamarinUdemy.Android", "XamarinUdemy\XamarinUdemy.Android\XamarinUdemy.Android.csproj", "{BCC495F8-43D0-4200-A539-C6961CA4C75E}"
EndProject
Project("{FAE04EC0-301F-11D3-BF4B-00C04F79EFBC}") = "XamarinUdemy.iOS", "XamarinUdemy\XamarinUdemy.iOS\XamarinUdemy.iOS.csproj", "{05A84690-B575-4C72-B2CB-A47ED222B36D}"
EndProject
Project("{FAE04EC0-301F-11D3-BF4B-00C04F79EFBC}") = "XamarinUdemy", "XamarinUdemy\XamarinUdemy\XamarinUdemy.csproj", "{0A8006FE-A8DE-4F1E-A77E-4ED5202E80F5}"
EndProject
Global
	GlobalSection(SolutionConfigurationPlatforms) = preSolution
		Debug|Any CPU = Debug|Any CPU
		Debug|iPhone = Debug|iPhone
		Debug|iPhoneSimulator = Debug|iPhoneSimulator
		Release|Any CPU = Release|Any CPU
		Release|iPhone = Release|iPhone
		Release|iPhoneSimulator = Release|iPhoneSimulator
	EndGlobalSection
	GlobalSection(ProjectConfigurationPlatforms) = postSolution
		{BCC495F8-43D0-4200-A539-C6961CA4C75E}.Debug|Any CPU.ActiveCfg = Debug|Any CPU
		{BCC495F8-43D0-4200-A539-C6961CA4C75E}.Debug|Any CPU.Build.0 = Debug|Any CPU
		{BCC495F8-43D0-4200-A539-C6961CA4C75E}.Debug|Any CPU.Deploy.0 = Debug|Any CPU
		{BCC495F8-43D0-4200-A539-C6961CA4C75E}.Debug|iPhone.ActiveCfg = Debug|Any CPU
		{BCC495F8-43D0-4200-A539-C6961CA4C75E}.Debug|iPhone.Build.0 = Debug|Any CPU
		{BCC495F8-43D0-4200-A539-C6961CA4C75E}.Debug|iPhone.Deploy.0 = Debug|Any CPU
		{BCC495F8-43D0-4200-A539-C6961CA4C75E}.Debug|iPhoneSimulator.ActiveCfg = Debug|Any CPU
		{BCC495F8-43D0-4200-A539-C6961CA4C75E}.Debug|iPhoneSimulator.Build.0 = Debug|Any CPU
		{BCC495F8-43D0-4200-A539-C6961CA4C75E}.Debug|iPhoneSimulator.Deploy.0 = Debug|Any CPU
		{BCC495F8-43D0-4200-A539-C6961CA4C75E}.Release|Any CPU.ActiveCfg = Release|Any CPU
		{BCC495F8-43D0-4200-A539-C6961CA4C75E}.Release|Any CPU.Build.0 = Release|Any CPU
		{BCC495F8-43D0-4200-A539-C6961CA4C75E}.Release|Any CPU.Deploy.0 = Release|Any CPU
		{BCC495F8-43D0-4200-A539-C6961CA4C75E}.Release|iPhone.ActiveCfg = Release|Any CPU
		{BCC495F8-43D0-4200-A539-C6961CA4C75E}.Release|iPhone.Build.0 = Release|Any CPU
		{BCC495F8-43D0-4200-A539-C6961CA4C75E}.Release|iPhone.Deploy.0 = Release|Any CPU
		{BCC495F8-43D0-4200-A539-C6961CA4C75E}.Release|iPhoneSimulator.ActiveCfg = Release|Any CPU
		{BCC495F8-43D0-4200-A539-C6961CA4C75E}.Release|iPhoneSimulator.Build.0 = Release|Any CPU
		{BCC495F8-43D0-4200-A539-C6961CA4C75E}.Release|iPhoneSimulator.Deploy.0 = Release|Any CPU
		{05A84690-B575-4C72-B2CB-A47ED222B36D}.Debug|Any CPU.ActiveCfg = Debug|iPhone
		{05A84690-B575-4C72-B2CB-A47ED222B36D}.Debug|Any CPU.Build.0 = Debug|iPhone
		{05A84690-B575-4C72-B2CB-A47ED222B36D}.Debug|Any CPU.Deploy.0 = Debug|iPhone
		{05A84690-B575-4C72-B2CB-A47ED222B36D}.Debug|iPhone.ActiveCfg = Debug|iPhone
		{05A84690-B575-4C72-B2CB-A47ED222B36D}.Debug|iPhone.Build.0 = Debug|iPhone
		{05A84690-B575-4C72-B2CB-A47ED222B36D}.Debug|iPhone.Deploy.0 = Debug|iPhone
		{05A84690-B575-4C72-B2CB-A47ED222B36D}.Debug|iPhoneSimulator.ActiveCfg = Debug|iPhoneSimulator
		{05A84690-B575-4C72-B2CB-A47ED222B36D}.Debug|iPhoneSimulator.Build.0 = Debug|iPhoneSimulator
		{05A84690-B575-4C72-B2CB-A47ED222B36D}.Debug|iPhoneSimulator.Deploy.0 = Debug|iPhoneSimulator
		{05A84690-B575-4C72-B2CB-A47ED222B36D}.Release|Any CPU.ActiveCfg = Release|iPhoneSimulator
		{05A84690-B575-4C72-B2CB-A47ED222B36D}.Release|Any CPU.Build.0 = Release|iPhoneSimulator
		{05A84690-B575-4C72-B2CB-A47ED222B36D}.Release|Any CPU.Deploy.0 = Release|iPhoneSimulator
		{05A84690-B575-4C72-B2CB-A47ED222B36D}.Release|iPhone.ActiveCfg = Release|iPhone
		{05A84690-B575-4C72-B2CB-A47ED222B36D}.Release|iPhone.Build.0 = Release|iPhone
		{05A84690-B575-4C72-B2CB-A47ED222B36D}.Release|iPhone.Deploy.0 = Release|iPhone
		{05A84690-B575-4C72-B2CB-A47ED222B36D}.Release|iPhoneSimulator.ActiveCfg = Release|iPhoneSimulator
		{05A84690-B575-4C72-B2CB-A47ED222B36D}.Release|iPhoneSimulator.Build.0 = Release|iPhoneSimulator
		{05A84690-B575-4C72-B2CB-A47ED222B36D}.Release|iPhoneSimulator.Deploy.0 = Release|iPhoneSimulator
		{0A8006FE-A8DE-4F1E-A77E-4ED5202E80F5}.Debug|Any CPU.ActiveCfg = Debug|Any CPU
		{0A8006FE-A8DE-4F1E-A77E-4ED5202E80F5}.Debug|Any CPU.Build.0 = Debug|Any CPU
		{0A8006FE-A8DE-4F1E-A77E-4ED5202E80F5}.Debug|Any CPU.Deploy.0 = Debug|Any CPU
		{0A8006FE-A8DE-4F1E-A77E-4ED5202E80F5}.Debug|iPhone.ActiveCfg = Debug|Any CPU
		{0A8006FE-A8DE-4F1E-A77E-4ED5202E80F5}.Debug|iPhone.Build.0 = Debug|Any CPU
		{0A8006FE-A8DE-4F1E-A77E-4ED5202E80F5}.Debug|iPhone.Deploy.0 = Debug|Any CPU
		{0A8006FE-A8DE-4F1E-A77E-4ED5202E80F5}.Debug|iPhoneSimulator.ActiveCfg = Debug|Any CPU
		{0A8006FE-A8DE-4F1E-A77E-4ED5202E80F5}.Debug|iPhoneSimulator.Build.0 = Debug|Any CPU
		{0A8006FE-A8DE-4F1E-A77E-4ED5202E80F5}.Debug|iPhoneSimulator.Deploy.0 = Debug|Any CPU
		{0A8006FE-A8DE-4F1E-A77E-4ED5202E80F5}.Release|Any CPU.ActiveCfg = Release|Any CPU
		{0A8006FE-A8DE-4F1E-A77E-4ED5202E80F5}.Release|Any CPU.Build.0 = Release|Any CPU
		{0A8006FE-A8DE-4F1E-A77E-4ED5202E80F5}.Release|Any CPU.Deploy.0 = Release|Any CPU
		{0A8006FE-A8DE-4F1E-A77E-4ED5202E80F5}.Release|iPhone.ActiveCfg = Release|Any CPU
		{0A8006FE-A8DE-4F1E-A77E-4ED5202E80F5}.Release|iPhone.Build.0 = Release|Any CPU
		{0A8006FE-A8DE-4F1E-A77E-4ED5202E80F5}.Release|iPhone.Deploy.0 = Release|Any CPU
		{0A8006FE-A8DE-4F1E-A77E-4ED5202E80F5}.Release|iPhoneSimulator.ActiveCfg = Release|Any CPU
		{0A8006FE-A8DE-4F1E-A77E-4ED5202E80F5}.Release|iPhoneSimulator.Build.0 = Release|Any CPU
		{0A8006FE-A8DE-4F1E-A77E-4ED5202E80F5}.Release|iPhoneSimulator.Deploy.0 = Release|Any CPU
	EndGlobalSection
	GlobalSection(SolutionProperties) = preSolution
		HideSolutionNode = FALSE
	EndGlobalSection
	GlobalSection(ExtensibilityGlobals) = postSolution
		SolutionGuid = {3BEBF37F-8137-4FBD-9A26-D9A40B07E71A}
	EndGlobalSection
EndGlobal
